
Microsoft Visual Studio Solution File, Format Version 12.00
# Visual Studio Version 16
VisualStudioVersion = 16.0.29519.181
MinimumVisualStudioVersion = 10.0.40219.1
Project("{FAE04EC0-301F-11D3-BF4B-00C04F79EFBC}") = "Modas", "modas\Modas.csproj", "{0543610D-723F-44C7-B3D2-68997CC40455}"
EndProject
Global
	GlobalSection(SolutionConfigurationPlatforms) = preSolution
		Debug|Any CPU = Debug|Any CPU
		Release|Any CPU = Release|Any CPU
	EndGlobalSection
	GlobalSection(ProjectConfigurationPlatforms) = postSolution
		{0543610D-723F-44C7-B3D2-68997CC40455}.Debug|Any CPU.ActiveCfg = Debug|Any CPU
		{0543610D-723F-44C7-B3D2-68997CC40455}.Debug|Any CPU.Build.0 = Debug|Any CPU
		{0543610D-723F-44C7-B3D2-68997CC40455}.Release|Any CPU.ActiveCfg = Release|Any CPU
		{0543610D-723F-44C7-B3D2-68997CC40455}.Release|Any CPU.Build.0 = Release|Any CPU
	EndGlobalSection
	GlobalSection(SolutionProperties) = preSolution
		HideSolutionNode = FALSE
	EndGlobalSection
	GlobalSection(ExtensibilityGlobals) = postSolution
		SolutionGuid = {A3F89F6E-BCE3-4454-89D4-CE7D7E5DCF38}
	EndGlobalSection
EndGlobal
